
Microsoft Visual Studio Solution File, Format Version 12.00
# Visual Studio Version 17
VisualStudioVersion = 17.8.34322.80
MinimumVisualStudioVersion = 10.0.40219.1
Project("{FAE04EC0-301F-11D3-BF4B-00C04F79EFBC}") = "Othello", "Othello\Othello.csproj", "{91827642-EAB5-4B47-9739-C1AD6CF0FDF3}"
EndProject
Global
	GlobalSection(SolutionConfigurationPlatforms) = preSolution
		Debug|Any CPU = Debug|Any CPU
		Release|Any CPU = Release|Any CPU
	EndGlobalSection
	GlobalSection(ProjectConfigurationPlatforms) = postSolution
		{91827642-EAB5-4B47-9739-C1AD6CF0FDF3}.Debug|Any CPU.ActiveCfg = Debug|Any CPU
		{91827642-EAB5-4B47-9739-C1AD6CF0FDF3}.Debug|Any CPU.Build.0 = Debug|Any CPU
		{91827642-EAB5-4B47-9739-C1AD6CF0FDF3}.Release|Any CPU.ActiveCfg = Release|Any CPU
		{91827642-EAB5-4B47-9739-C1AD6CF0FDF3}.Release|Any CPU.Build.0 = Release|Any CPU
	EndGlobalSection
	GlobalSection(SolutionProperties) = preSolution
		HideSolutionNode = FALSE
	EndGlobalSection
	GlobalSection(ExtensibilityGlobals) = postSolution
		SolutionGuid = {11A0CFD4-FCD6-40CA-B406-763437A1232C}
	EndGlobalSection
EndGlobal
